
Microsoft Visual Studio Solution File, Format Version 12.00
# Visual Studio Version 16
VisualStudioVersion = 25.0.1706.4
MinimumVisualStudioVersion = 10.0.40219.1
Project("{FAE04EC0-301F-11D3-BF4B-00C04F79EFBC}") = "10.10task1", "10.10task1\10.10task1.csproj", "{D639A12F-0221-4228-A560-64ADA76DD402}"
EndProject
Global
	GlobalSection(SolutionConfigurationPlatforms) = preSolution
		Debug|Any CPU = Debug|Any CPU
		Release|Any CPU = Release|Any CPU
	EndGlobalSection
	GlobalSection(ProjectConfigurationPlatforms) = postSolution
		{D639A12F-0221-4228-A560-64ADA76DD402}.Debug|Any CPU.ActiveCfg = Debug|Any CPU
		{D639A12F-0221-4228-A560-64ADA76DD402}.Debug|Any CPU.Build.0 = Debug|Any CPU
		{D639A12F-0221-4228-A560-64ADA76DD402}.Release|Any CPU.ActiveCfg = Release|Any CPU
		{D639A12F-0221-4228-A560-64ADA76DD402}.Release|Any CPU.Build.0 = Release|Any CPU
	EndGlobalSection
	GlobalSection(SolutionProperties) = preSolution
		HideSolutionNode = FALSE
	EndGlobalSection
	GlobalSection(ExtensibilityGlobals) = postSolution
		SolutionGuid = {EB5D718B-5BC5-4AC2-AA70-0BBE5D536EE5}
	EndGlobalSection
EndGlobal
